{
  "name": "bunorm",
  "version": "0.0.1",
  "lockfileVersion": 2,
  "requires": true,
  "packages": {
    "": {
      "name": "bunorm",
      "version": "0.0.1",
      "license": "ISC",
      "devDependencies": {
        "bun-types": "^0.5.7",
        "typescript": "^5.0.2"
      }
    },
    "node_modules/bun-types": {
      "version": "0.5.7",
      "resolved": "https://registry.npmjs.org/bun-types/-/bun-types-0.5.7.tgz",
      "integrity": "sha512-79ualR6PIZYTbALgsUxZXlAhkz0M7h7QMsXWn/eX+VOOCX3bPA9y0Pywu4MUEWOK8cK/JhnAODMqZfhCb911nw==",
      "dev": true
    },
    "node_modules/typescript": {
      "version": "5.0.2",
      "resolved": "https://registry.npmjs.org/typescript/-/typescript-5.0.2.tgz",
      "integrity": "sha512-wVORMBGO/FAs/++blGNeAVdbNKtIh1rbBL2EyQ1+J9lClJ93KiiKe8PmFIVdXhHcyv44SL9oglmfeSsndo0jRw==",
      "dev": true,
      "bin": {
        "tsc": "bin/tsc",
        "tsserver": "bin/tsserver"
      },
      "engines": {
        "node": ">=12.20"
      }
    }
  },
  "dependencies": {
    "bun-types": {
      "version": "0.5.7",
      "resolved": "https://registry.npmjs.org/bun-types/-/bun-types-0.5.7.tgz",
      "integrity": "sha512-79ualR6PIZYTbALgsUxZXlAhkz0M7h7QMsXWn/eX+VOOCX3bPA9y0Pywu4MUEWOK8cK/JhnAODMqZfhCb911nw==",
      "dev": true
    },
    "typescript": {
      "version": "5.0.2",
      "resolved": "https://registry.npmjs.org/typescript/-/typescript-5.0.2.tgz",
      "integrity": "sha512-wVORMBGO/FAs/++blGNeAVdbNKtIh1rbBL2EyQ1+J9lClJ93KiiKe8PmFIVdXhHcyv44SL9oglmfeSsndo0jRw==",
      "dev": true
    }
  }
}
