# THIS IS AN AUTOGENERATED FILE. DO NOT EDIT THIS FILE DIRECTLY.
# yarn lockfile v1


"bun-types@^0.5.7":
  "integrity" "sha512-79ualR6PIZYTbALgsUxZXlAhkz0M7h7QMsXWn/eX+VOOCX3bPA9y0Pywu4MUEWOK8cK/JhnAODMqZfhCb911nw=="
  "resolved" "https://registry.npmjs.org/bun-types/-/bun-types-0.5.7.tgz"
  "version" "0.5.7"

"typescript@^5.0.2":
  "integrity" "sha512-wVORMBGO/FAs/++blGNeAVdbNKtIh1rbBL2EyQ1+J9lClJ93KiiKe8PmFIVdXhHcyv44SL9oglmfeSsndo0jRw=="
  "resolved" "https://registry.npmjs.org/typescript/-/typescript-5.0.2.tgz"
  "version" "5.0.2"
